
Microsoft Visual Studio Solution File, Format Version 12.00
# Visual Studio Version 16
VisualStudioVersion = 16.0.29102.190
MinimumVisualStudioVersion = 10.0.40219.1
Project("{FAE04EC0-301F-11D3-BF4B-00C04F79EFBC}") = "NumberToText", "NumberToText\NumberToText.csproj", "{5884797D-AB72-4B30-9559-F96D730F5CB1}"
EndProject
Global
	GlobalSection(SolutionConfigurationPlatforms) = preSolution
		Debug|Any CPU = Debug|Any CPU
		Release|Any CPU = Release|Any CPU
	EndGlobalSection
	GlobalSection(ProjectConfigurationPlatforms) = postSolution
		{5884797D-AB72-4B30-9559-F96D730F5CB1}.Debug|Any CPU.ActiveCfg = Debug|Any CPU
		{5884797D-AB72-4B30-9559-F96D730F5CB1}.Debug|Any CPU.Build.0 = Debug|Any CPU
		{5884797D-AB72-4B30-9559-F96D730F5CB1}.Release|Any CPU.ActiveCfg = Release|Any CPU
		{5884797D-AB72-4B30-9559-F96D730F5CB1}.Release|Any CPU.Build.0 = Release|Any CPU
	EndGlobalSection
	GlobalSection(SolutionProperties) = preSolution
		HideSolutionNode = FALSE
	EndGlobalSection
	GlobalSection(ExtensibilityGlobals) = postSolution
		SolutionGuid = {8DDF30E5-C2B4-407C-B8A2-E3527A35588C}
	EndGlobalSection
EndGlobal
